
Microsoft Visual Studio Solution File, Format Version 12.00
# Visual Studio 15
VisualStudioVersion = 15.0.27130.2003
MinimumVisualStudioVersion = 10.0.40219.1
Project("{8BC9CEB8-8B4A-11D0-8D11-00A0C91BC942}") = "EncDecCryptoList3", "EncDecCryptoList3\EncDecCryptoList3.vcxproj", "{6971B280-B5F1-49EF-A091-3261F90863EF}"
EndProject
Global
	GlobalSection(SolutionConfigurationPlatforms) = preSolution
		Debug|x64 = Debug|x64
		Debug|x86 = Debug|x86
		Release|x64 = Release|x64
		Release|x86 = Release|x86
	EndGlobalSection
	GlobalSection(ProjectConfigurationPlatforms) = postSolution
		{6971B280-B5F1-49EF-A091-3261F90863EF}.Debug|x64.ActiveCfg = Debug|x64
		{6971B280-B5F1-49EF-A091-3261F90863EF}.Debug|x64.Build.0 = Debug|x64
		{6971B280-B5F1-49EF-A091-3261F90863EF}.Debug|x86.ActiveCfg = Debug|Win32
		{6971B280-B5F1-49EF-A091-3261F90863EF}.Debug|x86.Build.0 = Debug|Win32
		{6971B280-B5F1-49EF-A091-3261F90863EF}.Release|x64.ActiveCfg = Release|x64
		{6971B280-B5F1-49EF-A091-3261F90863EF}.Release|x64.Build.0 = Release|x64
		{6971B280-B5F1-49EF-A091-3261F90863EF}.Release|x86.ActiveCfg = Release|Win32
		{6971B280-B5F1-49EF-A091-3261F90863EF}.Release|x86.Build.0 = Release|Win32
	EndGlobalSection
	GlobalSection(SolutionProperties) = preSolution
		HideSolutionNode = FALSE
	EndGlobalSection
	GlobalSection(ExtensibilityGlobals) = postSolution
		SolutionGuid = {47E6D2B2-3265-456A-AC6A-F246DB577E2F}
	EndGlobalSection
EndGlobal
